PODS:
  - Alamofire (4.8.2)
  - ObjectMapper (3.4.2)
  - Siesta (1.4.2):
    - Siesta/Core (= 1.4.2)
  - Siesta/Alamofire (1.4.2):
    - Alamofire (> 4.1)
    - Siesta/Core
  - Siesta/Core (1.4.2)
  - SwiftKeychainWrapper (3.0.1)
  - SwiftyBeaver (1.4.0)

DEPENDENCIES:
  - ObjectMapper (~> 3.4)
  - Siesta (~> 1.4)
  - Siesta/Alamofire (~> 1.4)
  - SwiftKeychainWrapper (= 3.0.1)
  - SwiftyBeaver (= 1.4.0)

SPEC REPOS:
  https://github.com/cocoapods/specs.git:
    - Alamofire
    - ObjectMapper
    - Siesta
    - SwiftKeychainWrapper
    - SwiftyBeaver

SPEC CHECKSUMS:
  Alamofire: ae5c501addb7afdbb13687d7f2f722c78734c2d3
  ObjectMapper: 0d4402610f4e468903ae64629eec4784531e5c51
  Siesta: 337a9c39c9b78bba904286310c86562a886efdab
  SwiftKeychainWrapper: 38952a3636320ae61bad3513cadd870929de7a4a
  SwiftyBeaver: 78d9186ce7595b4400ce01e5fd750d263e72dd7b

PODFILE CHECKSUM: 9e1c2b784c54d4e26fb7693ceee34c3d2a7fcb36

COCOAPODS: 1.6.1
