PODS:
  - Alamofire (4.5.1)
  - ObjectMapper (3.1.0)
  - Siesta (1.3.0):
    - Siesta/Core (= 1.3.0)
  - Siesta/Alamofire (1.3.0):
    - Alamofire (> 4.1)
    - Siesta/Core
  - Siesta/Core (1.3.0)
  - SwiftKeychainWrapper (3.0.1)
  - SwiftyBeaver (1.4.0)

DEPENDENCIES:
  - ObjectMapper (= 3.1.0)
  - Siesta (= 1.3.0)
  - Siesta/Alamofire (= 1.3.0)
  - SwiftKeychainWrapper (= 3.0.1)
  - SwiftyBeaver (= 1.4.0)

SPEC CHECKSUMS:
  Alamofire: 2d95912bf4c34f164fdfc335872e8c312acaea4a
  ObjectMapper: 20505058f54e5c3ca69e1d6de9897d152a5369a6
  Siesta: 90cb487ebcabdc1ee0201842f027cd37df2532be
  SwiftKeychainWrapper: 38952a3636320ae61bad3513cadd870929de7a4a
  SwiftyBeaver: 78d9186ce7595b4400ce01e5fd750d263e72dd7b

PODFILE CHECKSUM: f994afda40ab9ee792a7d4267ab982df2ecd0182

COCOAPODS: 1.3.1
